
Microsoft Visual Studio Solution File, Format Version 12.00
# Visual Studio Version 16
VisualStudioVersion = 16.0.30225.117
MinimumVisualStudioVersion = 10.0.40219.1
Project("{2150E333-8FDC-42A3-9474-1A3956D46DE8}") = "EntityFramework", "EntityFramework", "{B6743B01-F70F-48E2-B591-F70AC14EE7DC}"
EndProject
Project("{FAE04EC0-301F-11D3-BF4B-00C04F79EFBC}") = "ConsoleEFDescriminator", "ConsoleEFDescriminator\ConsoleEFDescriminator.csproj", "{1BD8F79D-972C-464C-9464-04BA2C1A0BC5}"
EndProject
Global
	GlobalSection(SolutionConfigurationPlatforms) = preSolution
		Debug|Any CPU = Debug|Any CPU
		Release|Any CPU = Release|Any CPU
	EndGlobalSection
	GlobalSection(ProjectConfigurationPlatforms) = postSolution
		{1BD8F79D-972C-464C-9464-04BA2C1A0BC5}.Debug|Any CPU.ActiveCfg = Debug|Any CPU
		{1BD8F79D-972C-464C-9464-04BA2C1A0BC5}.Debug|Any CPU.Build.0 = Debug|Any CPU
		{1BD8F79D-972C-464C-9464-04BA2C1A0BC5}.Release|Any CPU.ActiveCfg = Release|Any CPU
		{1BD8F79D-972C-464C-9464-04BA2C1A0BC5}.Release|Any CPU.Build.0 = Release|Any CPU
	EndGlobalSection
	GlobalSection(SolutionProperties) = preSolution
		HideSolutionNode = FALSE
	EndGlobalSection
	GlobalSection(NestedProjects) = preSolution
		{1BD8F79D-972C-464C-9464-04BA2C1A0BC5} = {B6743B01-F70F-48E2-B591-F70AC14EE7DC}
	EndGlobalSection
	GlobalSection(ExtensibilityGlobals) = postSolution
		SolutionGuid = {529554F1-B9E8-49A6-AD35-44A6416D4A22}
	EndGlobalSection
EndGlobal
